// !$*UTF8*$!
{
	archiveVersion = 1;
	classes = {
	};
	objectVersion = 50;
	objects = {

/* Begin PBXBuildFile section */
		ACCF4B8390CAF49AC553EAD4 /* Pods_Subjects_Example.framework in Frameworks */ = {isa = PBXBuildFile; fileRef = A0CA68F72CD62C49399AEF15 /* Pods_Subjects_Example.framework */; };
		B034C94F210401AF0029B5D4 /* AppDelegate.swift in Sources */ = {isa = PBXBuildFile; fileRef = B034C94E210401AF0029B5D4 /* AppDelegate.swift */; };
		B034C951210401AF0029B5D4 /* ViewController.swift in Sources */ = {isa = PBXBuildFile; fileRef = B034C950210401AF0029B5D4 /* ViewController.swift */; };
		B034C954210401AF0029B5D4 /* Main.storyboard in Resources */ = {isa = PBXBuildFile; fileRef = B034C952210401AF0029B5D4 /* Main.storyboard */; };
		B034C956210401B10029B5D4 /* Assets.xcassets in Resources */ = {isa = PBXBuildFile; fileRef = B034C955210401B10029B5D4 /* Assets.xcassets */; };
		B034C959210401B10029B5D4 /* LaunchScreen.storyboard in Resources */ = {isa = PBXBuildFile; fileRef = B034C957210401B10029B5D4 /* LaunchScreen.storyboard */; };
		B034C96121040ABB0029B5D4 /* Helper.swift in Sources */ = {isa = PBXBuildFile; fileRef = B034C96021040ABB0029B5D4 /* Helper.swift */; };
/* End PBXBuildFile section */

/* Begin PBXFileReference section */
		2A49E2F93A628145AB48545C /* Pods-Subjects_Example.debug.xcconfig */ = {isa = PBXFileReference; includeInIndex = 1; lastKnownFileType = text.xcconfig; name = "Pods-Subjects_Example.debug.xcconfig"; path = "Pods/Target Support Files/Pods-Subjects_Example/Pods-Subjects_Example.debug.xcconfig"; sourceTree = "<group>"; };
		330875AE1B68E8BC5E0B05FC /* Pods-Subjects_Example.release.xcconfig */ = {isa = PBXFileReference; includeInIndex = 1; lastKnownFileType = text.xcconfig; name = "Pods-Subjects_Example.release.xcconfig"; path = "Pods/Target Support Files/Pods-Subjects_Example/Pods-Subjects_Example.release.xcconfig"; sourceTree = "<group>"; };
		A0CA68F72CD62C49399AEF15 /* Pods_Subjects_Example.framework */ = {isa = PBXFileReference; explicitFileType = wrapper.framework; includeInIndex = 0; path = Pods_Subjects_Example.framework; sourceTree = BUILT_PRODUCTS_DIR; };
		B034C94B210401AF0029B5D4 /* Subjects_Example.app */ = {isa = PBXFileReference; explicitFileType = wrapper.application; includeInIndex = 0; path = Subjects_Example.app; sourceTree = BUILT_PRODUCTS_DIR; };
		B034C94E210401AF0029B5D4 /* AppDelegate.swift */ = {isa = PBXFileReference; lastKnownFileType = sourcecode.swift; path = AppDelegate.swift; sourceTree = "<group>"; };
		B034C950210401AF0029B5D4 /* ViewController.swift */ = {isa = PBXFileReference; lastKnownFileType = sourcecode.swift; path = ViewController.swift; sourceTree = "<group>"; };
		B034C953210401AF0029B5D4 /* Base */ = {isa = PBXFileReference; lastKnownFileType = file.storyboard; name = Base; path = Base.lproj/Main.storyboard; sourceTree = "<group>"; };
		B034C955210401B10029B5D4 /* Assets.xcassets */ = {isa = PBXFileReference; lastKnownFileType = folder.assetcatalog; path = Assets.xcassets; sourceTree = "<group>"; };
		B034C958210401B10029B5D4 /* Base */ = {isa = PBXFileReference; lastKnownFileType = file.storyboard; name = Base; path = Base.lproj/LaunchScreen.storyboard; sourceTree = "<group>"; };
		B034C95A210401B10029B5D4 /* Info.plist */ = {isa = PBXFileReference; lastKnownFileType = text.plist.xml; path = Info.plist; sourceTree = "<group>"; };
		B034C96021040ABB0029B5D4 /* Helper.swift */ = {isa = PBXFileReference; lastKnownFileType = sourcecode.swift; path = Helper.swift; sourceTree = "<group>"; };
/* End PBXFileReference section */

/* Begin PBXFrameworksBuildPhase section */
		B034C948210401AF0029B5D4 /* Frameworks */ = {
			isa = PBXFrameworksBuildPhase;
			buildActionMask = 2147483647;
			files = (
				ACCF4B8390CAF49AC553EAD4 /* Pods_Subjects_Example.framework in Frameworks */,
			);
			runOnlyForDeploymentPostprocessing = 0;
		};
/* End PBXFrameworksBuildPhase section */

/* Begin PBXGroup section */
		A9E06F90E41451315DD8287F /* Frameworks */ = {
			isa = PBXGroup;
			children = (
				A0CA68F72CD62C49399AEF15 /* Pods_Subjects_Example.framework */,
			);
			name = Frameworks;
			sourceTree = "<group>";
		};
		B034C942210401AF0029B5D4 = {
			isa = PBXGroup;
			children = (
				B034C94D210401AF0029B5D4 /* Subjects_Example */,
				B034C94C210401AF0029B5D4 /* Products */,
				D25D14AB4A2E9EA877C275E8 /* Pods */,
				A9E06F90E41451315DD8287F /* Frameworks */,
			);
			sourceTree = "<group>";
		};
		B034C94C210401AF0029B5D4 /* Products */ = {
			isa = PBXGroup;
			children = (
				B034C94B210401AF0029B5D4 /* Subjects_Example.app */,
			);
			name = Products;
			sourceTree = "<group>";
		};
		B034C94D210401AF0029B5D4 /* Subjects_Example */ = {
			isa = PBXGroup;
			children = (
				B034C94E210401AF0029B5D4 /* AppDelegate.swift */,
				B034C950210401AF0029B5D4 /* ViewController.swift */,
				B034C96021040ABB0029B5D4 /* Helper.swift */,
				B034C952210401AF0029B5D4 /* Main.storyboard */,
				B034C955210401B10029B5D4 /* Assets.xcassets */,
				B034C957210401B10029B5D4 /* LaunchScreen.storyboard */,
				B034C95A210401B10029B5D4 /* Info.plist */,
			);
			path = Subjects_Example;
			sourceTree = "<group>";
		};
		D25D14AB4A2E9EA877C275E8 /* Pods */ = {
			isa = PBXGroup;
			children = (
				2A49E2F93A628145AB48545C /* Pods-Subjects_Example.debug.xcconfig */,
				330875AE1B68E8BC5E0B05FC /* Pods-Subjects_Example.release.xcconfig */,
			);
			name = Pods;
			sourceTree = "<group>";
		};
/* End PBXGroup section */

/* Begin PBXNativeTarget section */
		B034C94A210401AF0029B5D4 /* Subjects_Example */ = {
			isa = PBXNativeTarget;
			buildConfigurationList = B034C95D210401B10029B5D4 /* Build configuration list for PBXNativeTarget "Subjects_Example" */;
			buildPhases = (
				12EB36C97E0E8AE3C78820F2 /* [CP] Check Pods Manifest.lock */,
				B034C947210401AF0029B5D4 /* Sources */,
				B034C948210401AF0029B5D4 /* Frameworks */,
				B034C949210401AF0029B5D4 /* Resources */,
				F718B05D873CBF3C673C9AF6 /* [CP] Embed Pods Frameworks */,
			);
			buildRules = (
			);
			dependencies = (
			);
			name = Subjects_Example;
			productName = Subjects_Example;
			productReference = B034C94B210401AF0029B5D4 /* Subjects_Example.app */;
			productType = "com.apple.product-type.application";
		};
/* End PBXNativeTarget section */

/* Begin PBXProject section */
		B034C943210401AF0029B5D4 /* Project object */ = {
			isa = PBXProject;
			attributes = {
				LastSwiftUpdateCheck = 0940;
				LastUpgradeCheck = 0940;
				ORGANIZATIONNAME = "Tim Beals";
				TargetAttributes = {
					B034C94A210401AF0029B5D4 = {
						CreatedOnToolsVersion = 9.4.1;
					};
				};
			};
			buildConfigurationList = B034C946210401AF0029B5D4 /* Build configuration list for PBXProject "Subjects_Example" */;
			compatibilityVersion = "Xcode 9.3";
			developmentRegion = en;
			hasScannedForEncodings = 0;
			knownRegions = (
				en,
				Base,
			);
			mainGroup = B034C942210401AF0029B5D4;
			productRefGroup = B034C94C210401AF0029B5D4 /* Products */;
			projectDirPath = "";
			projectRoot = "";
			targets = (
				B034C94A210401AF0029B5D4 /* Subjects_Example */,
			);
		};
/* End PBXProject section */

/* Begin PBXResourcesBuildPhase section */
		B034C949210401AF0029B5D4 /* Resources */ = {
			isa = PBXResourcesBuildPhase;
			buildActionMask = 2147483647;
			files = (
				B034C959210401B10029B5D4 /* LaunchScreen.storyboard in Resources */,
				B034C956210401B10029B5D4 /* Assets.xcassets in Resources */,
				B034C954210401AF0029B5D4 /* Main.storyboard in Resources */,
			);
			runOnlyForDeploymentPostprocessing = 0;
		};
/* End PBXResourcesBuildPhase section */

/* Begin PBXShellScriptBuildPhase section */
		12EB36C97E0E8AE3C78820F2 /* [CP] Check Pods Manifest.lock */ = {
			isa = PBXShellScriptBuildPhase;
			buildActionMask = 2147483647;
			files = (
			);
			inputPaths = (
				"${PODS_PODFILE_DIR_PATH}/Podfile.lock",
				"${PODS_ROOT}/Manifest.lock",
			);
			name = "[CP] Check Pods Manifest.lock";
			outputPaths = (
				"$(DERIVED_FILE_DIR)/Pods-Subjects_Example-checkManifestLockResult.txt",
			);
			runOnlyForDeploymentPostprocessing = 0;
			shellPath = /bin/sh;
			shellScript = "diff \"${PODS_PODFILE_DIR_PATH}/Podfile.lock\" \"${PODS_ROOT}/Manifest.lock\" > /dev/null\nif [ $? != 0 ] ; then\n    # print error to STDERR\n    echo \"error: The sandbox is not in sync with the Podfile.lock. Run 'pod install' or update your CocoaPods installation.\" >&2\n    exit 1\nfi\n# This output is used by Xcode 'outputs' to avoid re-running this script phase.\necho \"SUCCESS\" > \"${SCRIPT_OUTPUT_FILE_0}\"\n";
			showEnvVarsInLog = 0;
		};
		F718B05D873CBF3C673C9AF6 /* [CP] Embed Pods Frameworks */ = {
			isa = PBXShellScriptBuildPhase;
			buildActionMask = 2147483647;
			files = (
			);
			inputPaths = (
				"${SRCROOT}/Pods/Target Support Files/Pods-Subjects_Example/Pods-Subjects_Example-frameworks.sh",
				"${BUILT_PRODUCTS_DIR}/RxSwift/RxSwift.framework",
			);
			name = "[CP] Embed Pods Frameworks";
			outputPaths = (
				"${TARGET_BUILD_DIR}/${FRAMEWORKS_FOLDER_PATH}/RxSwift.framework",
			);
			runOnlyForDeploymentPostprocessing = 0;
			shellPath = /bin/sh;
			shellScript = "\"${SRCROOT}/Pods/Target Support Files/Pods-Subjects_Example/Pods-Subjects_Example-frameworks.sh\"\n";
			showEnvVarsInLog = 0;
		};
/* End PBXShellScriptBuildPhase section */

/* Begin PBXSourcesBuildPhase section */
		B034C947210401AF0029B5D4 /* Sources */ = {
			isa = PBXSourcesBuildPhase;
			buildActionMask = 2147483647;
			files = (
				B034C951210401AF0029B5D4 /* ViewController.swift in Sources */,
				B034C94F210401AF0029B5D4 /* AppDelegate.swift in Sources */,
				B034C96121040ABB0029B5D4 /* Helper.swift in Sources */,
			);
			runOnlyForDeploymentPostprocessing = 0;
		};
/* End PBXSourcesBuildPhase section */

/* Begin PBXVariantGroup section */
		B034C952210401AF0029B5D4 /* Main.storyboard */ = {
			isa = PBXVariantGroup;
			children = (
				B034C953210401AF0029B5D4 /* Base */,
			);
			name = Main.storyboard;
			sourceTree = "<group>";
		};
		B034C957210401B10029B5D4 /* LaunchScreen.storyboard */ = {
			isa = PBXVariantGroup;
			children = (
				B034C958210401B10029B5D4 /* Base */,
			);
			name = LaunchScreen.storyboard;
			sourceTree = "<group>";
		};
/* End PBXVariantGroup section */

/* Begin XCBuildConfiguration section */
		B034C95B210401B10029B5D4 /* Debug */ = {
			isa = XCBuildConfiguration;
			buildSettings = {
				ALWAYS_SEARCH_USER_PATHS = NO;
				CLANG_ANALYZER_NONNULL = YES;
				CLANG_ANALYZER_NUMBER_OBJECT_CONVERSION = YES_AGGRESSIVE;
				CLANG_CXX_LANGUAGE_STANDARD = "gnu++14";
				CLANG_CXX_LIBRARY = "libc++";
				CLANG_ENABLE_MODULES = YES;
				CLANG_ENABLE_OBJC_ARC = YES;
				CLANG_ENABLE_OBJC_WEAK = YES;
				CLANG_WARN_BLOCK_CAPTURE_AUTORELEASING = YES;
				CLANG_WARN_BOOL_CONVERSION = YES;
				CLANG_WARN_COMMA = YES;
				CLANG_WARN_CONSTANT_CONVERSION = YES;
				CLANG_WARN_DEPRECATED_OBJC_IMPLEMENTATIONS = YES;
				CLANG_WARN_DIRECT_OBJC_ISA_USAGE = YES_ERROR;
				CLANG_WARN_DOCUMENTATION_COMMENTS = YES;
				CLANG_WARN_EMPTY_BODY = YES;
				CLANG_WARN_ENUM_CONVERSION = YES;
				CLANG_WARN_INFINITE_RECURSION = YES;
				CLANG_WARN_INT_CONVERSION = YES;
				CLANG_WARN_NON_LITERAL_NULL_CONVERSION = YES;
				CLANG_WARN_OBJC_IMPLICIT_RETAIN_SELF = YES;
				CLANG_WARN_OBJC_LITERAL_CONVERSION = YES;
				CLANG_WARN_OBJC_ROOT_CLASS = YES_ERROR;
				CLANG_WARN_RANGE_LOOP_ANALYSIS = YES;
				CLANG_WARN_STRICT_PROTOTYPES = YES;
				CLANG_WARN_SUSPICIOUS_MOVE = YES;
				CLANG_WARN_UNGUARDED_AVAILABILITY = YES_AGGRESSIVE;
				CLANG_WARN_UNREACHABLE_CODE = YES;
				CLANG_WARN__DUPLICATE_METHOD_MATCH = YES;
				CODE_SIGN_IDENTITY = "iPhone Developer";
				COPY_PHASE_STRIP = NO;
				DEBUG_INFORMATION_FORMAT = dwarf;
				ENABLE_STRICT_OBJC_MSGSEND = YES;
				ENABLE_TESTABILITY = YES;
				GCC_C_LANGUAGE_STANDARD = gnu11;
				GCC_DYNAMIC_NO_PIC = NO;
				GCC_NO_COMMON_BLOCKS = YES;
				GCC_OPTIMIZATION_LEVEL = 0;
				GCC_PREPROCESSOR_DEFINITIONS = (
					"DEBUG=1",
					"$(inherited)",
				);
				GCC_WARN_64_TO_32_BIT_CONVERSION = YES;
				GCC_WARN_ABOUT_RETURN_TYPE = YES_ERROR;
				GCC_WARN_UNDECLARED_SELECTOR = YES;
				GCC_WARN_UNINITIALIZED_AUTOS = YES_AGGRESSIVE;
				GCC_WARN_UNUSED_FUNCTION = YES;
				GCC_WARN_UNUSED_VARIABLE = YES;
				IPHONEOS_DEPLOYMENT_TARGET = 11.4;
				MTL_ENABLE_DEBUG_INFO = YES;
				ONLY_ACTIVE_ARCH = YES;
				SDKROOT = iphoneos;
				SWIFT_ACTIVE_COMPILATION_CONDITIONS = DEBUG;
				SWIFT_OPTIMIZATION_LEVEL = "-Onone";
			};
			name = Debug;
		};
		B034C95C210401B10029B5D4 /* Release */ = {
			isa = XCBuildConfiguration;
			buildSettings = {
				ALWAYS_SEARCH_USER_PATHS = NO;
				CLANG_ANALYZER_NONNULL = YES;
				CLANG_ANALYZER_NUMBER_OBJECT_CONVERSION = YES_AGGRESSIVE;
				CLANG_CXX_LANGUAGE_STANDARD = "gnu++14";
				CLANG_CXX_LIBRARY = "libc++";
				CLANG_ENABLE_MODULES = YES;
				CLANG_ENABLE_OBJC_ARC = YES;
				CLANG_ENABLE_OBJC_WEAK = YES;
				CLANG_WARN_BLOCK_CAPTURE_AUTORELEASING = YES;
				CLANG_WARN_BOOL_CONVERSION = YES;
				CLANG_WARN_COMMA = YES;
				CLANG_WARN_CONSTANT_CONVERSION = YES;
				CLANG_WARN_DEPRECATED_OBJC_IMPLEMENTATIONS = YES;
				CLANG_WARN_DIRECT_OBJC_ISA_USAGE = YES_ERROR;
				CLANG_WARN_DOCUMENTATION_COMMENTS = YES;
				CLANG_WARN_EMPTY_BODY = YES;
				CLANG_WARN_ENUM_CONVERSION = YES;
				CLANG_WARN_INFINITE_RECURSION = YES;
				CLANG_WARN_INT_CONVERSION = YES;
				CLANG_WARN_NON_LITERAL_NULL_CONVERSION = YES;
				CLANG_WARN_OBJC_IMPLICIT_RETAIN_SELF = YES;
				CLANG_WARN_OBJC_LITERAL_CONVERSION = YES;
				CLANG_WARN_OBJC_ROOT_CLASS = YES_ERROR;
				CLANG_WARN_RANGE_LOOP_ANALYSIS = YES;
				CLANG_WARN_STRICT_PROTOTYPES = YES;
				CLANG_WARN_SUSPICIOUS_MOVE = YES;
				CLANG_WARN_UNGUARDED_AVAILABILITY = YES_AGGRESSIVE;
				CLANG_WARN_UNREACHABLE_CODE = YES;
				CLANG_WARN__DUPLICATE_METHOD_MATCH = YES;
				CODE_SIGN_IDENTITY = "iPhone Developer";
				COPY_PHASE_STRIP = NO;
				DEBUG_INFORMATION_FORMAT = "dwarf-with-dsym";
				ENABLE_NS_ASSERTIONS = NO;
				ENABLE_STRICT_OBJC_MSGSEND = YES;
				GCC_C_LANGUAGE_STANDARD = gnu11;
				GCC_NO_COMMON_BLOCKS = YES;
				GCC_WARN_64_TO_32_BIT_CONVERSION = YES;
				GCC_WARN_ABOUT_RETURN_TYPE = YES_ERROR;
				GCC_WARN_UNDECLARED_SELECTOR = YES;
				GCC_WARN_UNINITIALIZED_AUTOS = YES_AGGRESSIVE;
				GCC_WARN_UNUSED_FUNCTION = YES;
				GCC_WARN_UNUSED_VARIABLE = YES;
				IPHONEOS_DEPLOYMENT_TARGET = 11.4;
				MTL_ENABLE_DEBUG_INFO = NO;
				SDKROOT = iphoneos;
				SWIFT_COMPILATION_MODE = wholemodule;
				SWIFT_OPTIMIZATION_LEVEL = "-O";
				VALIDATE_PRODUCT = YES;
			};
			name = Release;
		};
		B034C95E210401B10029B5D4 /* Debug */ = {
			isa = XCBuildConfiguration;
			baseConfigurationReference = 2A49E2F93A628145AB48545C /* Pods-Subjects_Example.debug.xcconfig */;
			buildSettings = {
				ASSETCATALOG_COMPILER_APPICON_NAME = AppIcon;
				CODE_SIGN_STYLE = Automatic;
				DEVELOPMENT_TEAM = 2733C6P24Y;
				INFOPLIST_FILE = Subjects_Example/Info.plist;
				LD_RUNPATH_SEARCH_PATHS = (
					"$(inherited)",
					"@executable_path/Frameworks",
				);
				PRODUCT_BUNDLE_IDENTIFIER = "timbeals.Subjects-Example";
				PRODUCT_NAME = "$(TARGET_NAME)";
				SWIFT_VERSION = 4.0;
				TARGETED_DEVICE_FAMILY = "1,2";
			};
			name = Debug;
		};
		B034C95F210401B10029B5D4 /* Release */ = {
			isa = XCBuildConfiguration;
			baseConfigurationReference = 330875AE1B68E8BC5E0B05FC /* Pods-Subjects_Example.release.xcconfig */;
			buildSettings = {
				ASSETCATALOG_COMPILER_APPICON_NAME = AppIcon;
				CODE_SIGN_STYLE = Automatic;
				DEVELOPMENT_TEAM = 2733C6P24Y;
				INFOPLIST_FILE = Subjects_Example/Info.plist;
				LD_RUNPATH_SEARCH_PATHS = (
					"$(inherited)",
					"@executable_path/Frameworks",
				);
				PRODUCT_BUNDLE_IDENTIFIER = "timbeals.Subjects-Example";
				PRODUCT_NAME = "$(TARGET_NAME)";
				SWIFT_VERSION = 4.0;
				TARGETED_DEVICE_FAMILY = "1,2";
			};
			name = Release;
		};
/* End XCBuildConfiguration section */

/* Begin XCConfigurationList section */
		B034C946210401AF0029B5D4 /* Build configuration list for PBXProject "Subjects_Example" */ = {
			isa = XCConfigurationList;
			buildConfigurations = (
				B034C95B210401B10029B5D4 /* Debug */,
				B034C95C210401B10029B5D4 /* Release */,
			);
			defaultConfigurationIsVisible = 0;
			defaultConfigurationName = Release;
		};
		B034C95D210401B10029B5D4 /* Build configuration list for PBXNativeTarget "Subjects_Example" */ = {
			isa = XCConfigurationList;
			buildConfigurations = (
				B034C95E210401B10029B5D4 /* Debug */,
				B034C95F210401B10029B5D4 /* Release */,
			);
			defaultConfigurationIsVisible = 0;
			defaultConfigurationName = Release;
		};
/* End XCConfigurationList section */
	};
	rootObject = B034C943210401AF0029B5D4 /* Project object */;
}
