// !$*UTF8*$!
{
	archiveVersion = 1;
	classes = {
	};
	objectVersion = 50;
	objects = {

/* Begin PBXBuildFile section */
		1CA50D3D7643666CBCE6390A /* Pods_TestRxSwift.framework in Frameworks */ = {isa = PBXBuildFile; fileRef = 5D757E96800C13DC897BBFC7 /* Pods_TestRxSwift.framework */; };
		B0A8D54320F3DBE2009B28EF /* AppDelegate.swift in Sources */ = {isa = PBXBuildFile; fileRef = B0A8D54220F3DBE2009B28EF /* AppDelegate.swift */; };
		B0A8D54520F3DBE2009B28EF /* ViewController.swift in Sources */ = {isa = PBXBuildFile; fileRef = B0A8D54420F3DBE2009B28EF /* ViewController.swift */; };
		B0A8D54820F3DBE2009B28EF /* Main.storyboard in Resources */ = {isa = PBXBuildFile; fileRef = B0A8D54620F3DBE2009B28EF /* Main.storyboard */; };
		B0A8D54A20F3DBE4009B28EF /* Assets.xcassets in Resources */ = {isa = PBXBuildFile; fileRef = B0A8D54920F3DBE4009B28EF /* Assets.xcassets */; };
		B0A8D54D20F3DBE4009B28EF /* LaunchScreen.storyboard in Resources */ = {isa = PBXBuildFile; fileRef = B0A8D54B20F3DBE4009B28EF /* LaunchScreen.storyboard */; };
		B0D3C6BC20F3E1F100541CF6 /* PrintExtensions.swift in Sources */ = {isa = PBXBuildFile; fileRef = B0D3C6BB20F3E1F100541CF6 /* PrintExtensions.swift */; };
/* End PBXBuildFile section */

/* Begin PBXFileReference section */
		5D757E96800C13DC897BBFC7 /* Pods_TestRxSwift.framework */ = {isa = PBXFileReference; explicitFileType = wrapper.framework; includeInIndex = 0; path = Pods_TestRxSwift.framework; sourceTree = BUILT_PRODUCTS_DIR; };
		B0A8D53F20F3DBE2009B28EF /* TestRxSwift.app */ = {isa = PBXFileReference; explicitFileType = wrapper.application; includeInIndex = 0; path = TestRxSwift.app; sourceTree = BUILT_PRODUCTS_DIR; };
		B0A8D54220F3DBE2009B28EF /* AppDelegate.swift */ = {isa = PBXFileReference; lastKnownFileType = sourcecode.swift; path = AppDelegate.swift; sourceTree = "<group>"; };
		B0A8D54420F3DBE2009B28EF /* ViewController.swift */ = {isa = PBXFileReference; lastKnownFileType = sourcecode.swift; path = ViewController.swift; sourceTree = "<group>"; };
		B0A8D54720F3DBE2009B28EF /* Base */ = {isa = PBXFileReference; lastKnownFileType = file.storyboard; name = Base; path = Base.lproj/Main.storyboard; sourceTree = "<group>"; };
		B0A8D54920F3DBE4009B28EF /* Assets.xcassets */ = {isa = PBXFileReference; lastKnownFileType = folder.assetcatalog; path = Assets.xcassets; sourceTree = "<group>"; };
		B0A8D54C20F3DBE4009B28EF /* Base */ = {isa = PBXFileReference; lastKnownFileType = file.storyboard; name = Base; path = Base.lproj/LaunchScreen.storyboard; sourceTree = "<group>"; };
		B0A8D54E20F3DBE4009B28EF /* Info.plist */ = {isa = PBXFileReference; lastKnownFileType = text.plist.xml; path = Info.plist; sourceTree = "<group>"; };
		B0D3C6BB20F3E1F100541CF6 /* PrintExtensions.swift */ = {isa = PBXFileReference; lastKnownFileType = sourcecode.swift; path = PrintExtensions.swift; sourceTree = "<group>"; };
		B7C71F950021217797A3AAA4 /* Pods-TestRxSwift.debug.xcconfig */ = {isa = PBXFileReference; includeInIndex = 1; lastKnownFileType = text.xcconfig; name = "Pods-TestRxSwift.debug.xcconfig"; path = "Pods/Target Support Files/Pods-TestRxSwift/Pods-TestRxSwift.debug.xcconfig"; sourceTree = "<group>"; };
		C7B9BCC1BA6DF8FE4E9696C6 /* Pods-TestRxSwift.release.xcconfig */ = {isa = PBXFileReference; includeInIndex = 1; lastKnownFileType = text.xcconfig; name = "Pods-TestRxSwift.release.xcconfig"; path = "Pods/Target Support Files/Pods-TestRxSwift/Pods-TestRxSwift.release.xcconfig"; sourceTree = "<group>"; };
/* End PBXFileReference section */

/* Begin PBXFrameworksBuildPhase section */
		B0A8D53C20F3DBE2009B28EF /* Frameworks */ = {
			isa = PBXFrameworksBuildPhase;
			buildActionMask = 2147483647;
			files = (
				1CA50D3D7643666CBCE6390A /* Pods_TestRxSwift.framework in Frameworks */,
			);
			runOnlyForDeploymentPostprocessing = 0;
		};
/* End PBXFrameworksBuildPhase section */

/* Begin PBXGroup section */
		B0A8D53620F3DBE2009B28EF = {
			isa = PBXGroup;
			children = (
				B0A8D54120F3DBE2009B28EF /* TestRxSwift */,
				B0A8D54020F3DBE2009B28EF /* Products */,
				D4EB1B24CAF80A2CC479CEEC /* Pods */,
				B9E9609F30DF240A0C071BA1 /* Frameworks */,
			);
			sourceTree = "<group>";
		};
		B0A8D54020F3DBE2009B28EF /* Products */ = {
			isa = PBXGroup;
			children = (
				B0A8D53F20F3DBE2009B28EF /* TestRxSwift.app */,
			);
			name = Products;
			sourceTree = "<group>";
		};
		B0A8D54120F3DBE2009B28EF /* TestRxSwift */ = {
			isa = PBXGroup;
			children = (
				B0A8D54220F3DBE2009B28EF /* AppDelegate.swift */,
				B0A8D54420F3DBE2009B28EF /* ViewController.swift */,
				B0A8D54620F3DBE2009B28EF /* Main.storyboard */,
				B0A8D54920F3DBE4009B28EF /* Assets.xcassets */,
				B0A8D54B20F3DBE4009B28EF /* LaunchScreen.storyboard */,
				B0A8D54E20F3DBE4009B28EF /* Info.plist */,
				B0D3C6BB20F3E1F100541CF6 /* PrintExtensions.swift */,
			);
			path = TestRxSwift;
			sourceTree = "<group>";
		};
		B9E9609F30DF240A0C071BA1 /* Frameworks */ = {
			isa = PBXGroup;
			children = (
				5D757E96800C13DC897BBFC7 /* Pods_TestRxSwift.framework */,
			);
			name = Frameworks;
			sourceTree = "<group>";
		};
		D4EB1B24CAF80A2CC479CEEC /* Pods */ = {
			isa = PBXGroup;
			children = (
				B7C71F950021217797A3AAA4 /* Pods-TestRxSwift.debug.xcconfig */,
				C7B9BCC1BA6DF8FE4E9696C6 /* Pods-TestRxSwift.release.xcconfig */,
			);
			name = Pods;
			sourceTree = "<group>";
		};
/* End PBXGroup section */

/* Begin PBXNativeTarget section */
		B0A8D53E20F3DBE2009B28EF /* TestRxSwift */ = {
			isa = PBXNativeTarget;
			buildConfigurationList = B0A8D55120F3DBE4009B28EF /* Build configuration list for PBXNativeTarget "TestRxSwift" */;
			buildPhases = (
				F8210F8C3159083B44C66308 /* [CP] Check Pods Manifest.lock */,
				B0A8D53B20F3DBE2009B28EF /* Sources */,
				B0A8D53C20F3DBE2009B28EF /* Frameworks */,
				B0A8D53D20F3DBE2009B28EF /* Resources */,
				F43C9A4D1434E451858137D0 /* [CP] Embed Pods Frameworks */,
			);
			buildRules = (
			);
			dependencies = (
			);
			name = TestRxSwift;
			productName = TestRxSwift;
			productReference = B0A8D53F20F3DBE2009B28EF /* TestRxSwift.app */;
			productType = "com.apple.product-type.application";
		};
/* End PBXNativeTarget section */

/* Begin PBXProject section */
		B0A8D53720F3DBE2009B28EF /* Project object */ = {
			isa = PBXProject;
			attributes = {
				LastSwiftUpdateCheck = 0940;
				LastUpgradeCheck = 0940;
				ORGANIZATIONNAME = "Tim Beals";
				TargetAttributes = {
					B0A8D53E20F3DBE2009B28EF = {
						CreatedOnToolsVersion = 9.4.1;
					};
				};
			};
			buildConfigurationList = B0A8D53A20F3DBE2009B28EF /* Build configuration list for PBXProject "TestRxSwift" */;
			compatibilityVersion = "Xcode 9.3";
			developmentRegion = en;
			hasScannedForEncodings = 0;
			knownRegions = (
				en,
				Base,
			);
			mainGroup = B0A8D53620F3DBE2009B28EF;
			productRefGroup = B0A8D54020F3DBE2009B28EF /* Products */;
			projectDirPath = "";
			projectRoot = "";
			targets = (
				B0A8D53E20F3DBE2009B28EF /* TestRxSwift */,
			);
		};
/* End PBXProject section */

/* Begin PBXResourcesBuildPhase section */
		B0A8D53D20F3DBE2009B28EF /* Resources */ = {
			isa = PBXResourcesBuildPhase;
			buildActionMask = 2147483647;
			files = (
				B0A8D54D20F3DBE4009B28EF /* LaunchScreen.storyboard in Resources */,
				B0A8D54A20F3DBE4009B28EF /* Assets.xcassets in Resources */,
				B0A8D54820F3DBE2009B28EF /* Main.storyboard in Resources */,
			);
			runOnlyForDeploymentPostprocessing = 0;
		};
/* End PBXResourcesBuildPhase section */

/* Begin PBXShellScriptBuildPhase section */
		F43C9A4D1434E451858137D0 /* [CP] Embed Pods Frameworks */ = {
			isa = PBXShellScriptBuildPhase;
			buildActionMask = 2147483647;
			files = (
			);
			inputPaths = (
				"${SRCROOT}/Pods/Target Support Files/Pods-TestRxSwift/Pods-TestRxSwift-frameworks.sh",
				"${BUILT_PRODUCTS_DIR}/RxSwift/RxSwift.framework",
			);
			name = "[CP] Embed Pods Frameworks";
			outputPaths = (
				"${TARGET_BUILD_DIR}/${FRAMEWORKS_FOLDER_PATH}/RxSwift.framework",
			);
			runOnlyForDeploymentPostprocessing = 0;
			shellPath = /bin/sh;
			shellScript = "\"${SRCROOT}/Pods/Target Support Files/Pods-TestRxSwift/Pods-TestRxSwift-frameworks.sh\"\n";
			showEnvVarsInLog = 0;
		};
		F8210F8C3159083B44C66308 /* [CP] Check Pods Manifest.lock */ = {
			isa = PBXShellScriptBuildPhase;
			buildActionMask = 2147483647;
			files = (
			);
			inputPaths = (
				"${PODS_PODFILE_DIR_PATH}/Podfile.lock",
				"${PODS_ROOT}/Manifest.lock",
			);
			name = "[CP] Check Pods Manifest.lock";
			outputPaths = (
				"$(DERIVED_FILE_DIR)/Pods-TestRxSwift-checkManifestLockResult.txt",
			);
			runOnlyForDeploymentPostprocessing = 0;
			shellPath = /bin/sh;
			shellScript = "diff \"${PODS_PODFILE_DIR_PATH}/Podfile.lock\" \"${PODS_ROOT}/Manifest.lock\" > /dev/null\nif [ $? != 0 ] ; then\n    # print error to STDERR\n    echo \"error: The sandbox is not in sync with the Podfile.lock. Run 'pod install' or update your CocoaPods installation.\" >&2\n    exit 1\nfi\n# This output is used by Xcode 'outputs' to avoid re-running this script phase.\necho \"SUCCESS\" > \"${SCRIPT_OUTPUT_FILE_0}\"\n";
			showEnvVarsInLog = 0;
		};
/* End PBXShellScriptBuildPhase section */

/* Begin PBXSourcesBuildPhase section */
		B0A8D53B20F3DBE2009B28EF /* Sources */ = {
			isa = PBXSourcesBuildPhase;
			buildActionMask = 2147483647;
			files = (
				B0D3C6BC20F3E1F100541CF6 /* PrintExtensions.swift in Sources */,
				B0A8D54520F3DBE2009B28EF /* ViewController.swift in Sources */,
				B0A8D54320F3DBE2009B28EF /* AppDelegate.swift in Sources */,
			);
			runOnlyForDeploymentPostprocessing = 0;
		};
/* End PBXSourcesBuildPhase section */

/* Begin PBXVariantGroup section */
		B0A8D54620F3DBE2009B28EF /* Main.storyboard */ = {
			isa = PBXVariantGroup;
			children = (
				B0A8D54720F3DBE2009B28EF /* Base */,
			);
			name = Main.storyboard;
			sourceTree = "<group>";
		};
		B0A8D54B20F3DBE4009B28EF /* LaunchScreen.storyboard */ = {
			isa = PBXVariantGroup;
			children = (
				B0A8D54C20F3DBE4009B28EF /* Base */,
			);
			name = LaunchScreen.storyboard;
			sourceTree = "<group>";
		};
/* End PBXVariantGroup section */

/* Begin XCBuildConfiguration section */
		B0A8D54F20F3DBE4009B28EF /* Debug */ = {
			isa = XCBuildConfiguration;
			buildSettings = {
				ALWAYS_SEARCH_USER_PATHS = NO;
				CLANG_ANALYZER_NONNULL = YES;
				CLANG_ANALYZER_NUMBER_OBJECT_CONVERSION = YES_AGGRESSIVE;
				CLANG_CXX_LANGUAGE_STANDARD = "gnu++14";
				CLANG_CXX_LIBRARY = "libc++";
				CLANG_ENABLE_MODULES = YES;
				CLANG_ENABLE_OBJC_ARC = YES;
				CLANG_ENABLE_OBJC_WEAK = YES;
				CLANG_WARN_BLOCK_CAPTURE_AUTORELEASING = YES;
				CLANG_WARN_BOOL_CONVERSION = YES;
				CLANG_WARN_COMMA = YES;
				CLANG_WARN_CONSTANT_CONVERSION = YES;
				CLANG_WARN_DEPRECATED_OBJC_IMPLEMENTATIONS = YES;
				CLANG_WARN_DIRECT_OBJC_ISA_USAGE = YES_ERROR;
				CLANG_WARN_DOCUMENTATION_COMMENTS = YES;
				CLANG_WARN_EMPTY_BODY = YES;
				CLANG_WARN_ENUM_CONVERSION = YES;
				CLANG_WARN_INFINITE_RECURSION = YES;
				CLANG_WARN_INT_CONVERSION = YES;
				CLANG_WARN_NON_LITERAL_NULL_CONVERSION = YES;
				CLANG_WARN_OBJC_IMPLICIT_RETAIN_SELF = YES;
				CLANG_WARN_OBJC_LITERAL_CONVERSION = YES;
				CLANG_WARN_OBJC_ROOT_CLASS = YES_ERROR;
				CLANG_WARN_RANGE_LOOP_ANALYSIS = YES;
				CLANG_WARN_STRICT_PROTOTYPES = YES;
				CLANG_WARN_SUSPICIOUS_MOVE = YES;
				CLANG_WARN_UNGUARDED_AVAILABILITY = YES_AGGRESSIVE;
				CLANG_WARN_UNREACHABLE_CODE = YES;
				CLANG_WARN__DUPLICATE_METHOD_MATCH = YES;
				CODE_SIGN_IDENTITY = "iPhone Developer";
				COPY_PHASE_STRIP = NO;
				DEBUG_INFORMATION_FORMAT = dwarf;
				ENABLE_STRICT_OBJC_MSGSEND = YES;
				ENABLE_TESTABILITY = YES;
				GCC_C_LANGUAGE_STANDARD = gnu11;
				GCC_DYNAMIC_NO_PIC = NO;
				GCC_NO_COMMON_BLOCKS = YES;
				GCC_OPTIMIZATION_LEVEL = 0;
				GCC_PREPROCESSOR_DEFINITIONS = (
					"DEBUG=1",
					"$(inherited)",
				);
				GCC_WARN_64_TO_32_BIT_CONVERSION = YES;
				GCC_WARN_ABOUT_RETURN_TYPE = YES_ERROR;
				GCC_WARN_UNDECLARED_SELECTOR = YES;
				GCC_WARN_UNINITIALIZED_AUTOS = YES_AGGRESSIVE;
				GCC_WARN_UNUSED_FUNCTION = YES;
				GCC_WARN_UNUSED_VARIABLE = YES;
				IPHONEOS_DEPLOYMENT_TARGET = 11.4;
				MTL_ENABLE_DEBUG_INFO = YES;
				ONLY_ACTIVE_ARCH = YES;
				SDKROOT = iphoneos;
				SWIFT_ACTIVE_COMPILATION_CONDITIONS = DEBUG;
				SWIFT_OPTIMIZATION_LEVEL = "-Onone";
			};
			name = Debug;
		};
		B0A8D55020F3DBE4009B28EF /* Release */ = {
			isa = XCBuildConfiguration;
			buildSettings = {
				ALWAYS_SEARCH_USER_PATHS = NO;
				CLANG_ANALYZER_NONNULL = YES;
				CLANG_ANALYZER_NUMBER_OBJECT_CONVERSION = YES_AGGRESSIVE;
				CLANG_CXX_LANGUAGE_STANDARD = "gnu++14";
				CLANG_CXX_LIBRARY = "libc++";
				CLANG_ENABLE_MODULES = YES;
				CLANG_ENABLE_OBJC_ARC = YES;
				CLANG_ENABLE_OBJC_WEAK = YES;
				CLANG_WARN_BLOCK_CAPTURE_AUTORELEASING = YES;
				CLANG_WARN_BOOL_CONVERSION = YES;
				CLANG_WARN_COMMA = YES;
				CLANG_WARN_CONSTANT_CONVERSION = YES;
				CLANG_WARN_DEPRECATED_OBJC_IMPLEMENTATIONS = YES;
				CLANG_WARN_DIRECT_OBJC_ISA_USAGE = YES_ERROR;
				CLANG_WARN_DOCUMENTATION_COMMENTS = YES;
				CLANG_WARN_EMPTY_BODY = YES;
				CLANG_WARN_ENUM_CONVERSION = YES;
				CLANG_WARN_INFINITE_RECURSION = YES;
				CLANG_WARN_INT_CONVERSION = YES;
				CLANG_WARN_NON_LITERAL_NULL_CONVERSION = YES;
				CLANG_WARN_OBJC_IMPLICIT_RETAIN_SELF = YES;
				CLANG_WARN_OBJC_LITERAL_CONVERSION = YES;
				CLANG_WARN_OBJC_ROOT_CLASS = YES_ERROR;
				CLANG_WARN_RANGE_LOOP_ANALYSIS = YES;
				CLANG_WARN_STRICT_PROTOTYPES = YES;
				CLANG_WARN_SUSPICIOUS_MOVE = YES;
				CLANG_WARN_UNGUARDED_AVAILABILITY = YES_AGGRESSIVE;
				CLANG_WARN_UNREACHABLE_CODE = YES;
				CLANG_WARN__DUPLICATE_METHOD_MATCH = YES;
				CODE_SIGN_IDENTITY = "iPhone Developer";
				COPY_PHASE_STRIP = NO;
				DEBUG_INFORMATION_FORMAT = "dwarf-with-dsym";
				ENABLE_NS_ASSERTIONS = NO;
				ENABLE_STRICT_OBJC_MSGSEND = YES;
				GCC_C_LANGUAGE_STANDARD = gnu11;
				GCC_NO_COMMON_BLOCKS = YES;
				GCC_WARN_64_TO_32_BIT_CONVERSION = YES;
				GCC_WARN_ABOUT_RETURN_TYPE = YES_ERROR;
				GCC_WARN_UNDECLARED_SELECTOR = YES;
				GCC_WARN_UNINITIALIZED_AUTOS = YES_AGGRESSIVE;
				GCC_WARN_UNUSED_FUNCTION = YES;
				GCC_WARN_UNUSED_VARIABLE = YES;
				IPHONEOS_DEPLOYMENT_TARGET = 11.4;
				MTL_ENABLE_DEBUG_INFO = NO;
				SDKROOT = iphoneos;
				SWIFT_COMPILATION_MODE = wholemodule;
				SWIFT_OPTIMIZATION_LEVEL = "-O";
				VALIDATE_PRODUCT = YES;
			};
			name = Release;
		};
		B0A8D55220F3DBE4009B28EF /* Debug */ = {
			isa = XCBuildConfiguration;
			baseConfigurationReference = B7C71F950021217797A3AAA4 /* Pods-TestRxSwift.debug.xcconfig */;
			buildSettings = {
				ASSETCATALOG_COMPILER_APPICON_NAME = AppIcon;
				CODE_SIGN_STYLE = Automatic;
				DEVELOPMENT_TEAM = 2733C6P24Y;
				INFOPLIST_FILE = TestRxSwift/Info.plist;
				LD_RUNPATH_SEARCH_PATHS = (
					"$(inherited)",
					"@executable_path/Frameworks",
				);
				PRODUCT_BUNDLE_IDENTIFIER = timbeals.TestRxSwift;
				PRODUCT_NAME = "$(TARGET_NAME)";
				SWIFT_VERSION = 4.0;
				TARGETED_DEVICE_FAMILY = "1,2";
			};
			name = Debug;
		};
		B0A8D55320F3DBE4009B28EF /* Release */ = {
			isa = XCBuildConfiguration;
			baseConfigurationReference = C7B9BCC1BA6DF8FE4E9696C6 /* Pods-TestRxSwift.release.xcconfig */;
			buildSettings = {
				ASSETCATALOG_COMPILER_APPICON_NAME = AppIcon;
				CODE_SIGN_STYLE = Automatic;
				DEVELOPMENT_TEAM = 2733C6P24Y;
				INFOPLIST_FILE = TestRxSwift/Info.plist;
				LD_RUNPATH_SEARCH_PATHS = (
					"$(inherited)",
					"@executable_path/Frameworks",
				);
				PRODUCT_BUNDLE_IDENTIFIER = timbeals.TestRxSwift;
				PRODUCT_NAME = "$(TARGET_NAME)";
				SWIFT_VERSION = 4.0;
				TARGETED_DEVICE_FAMILY = "1,2";
			};
			name = Release;
		};
/* End XCBuildConfiguration section */

/* Begin XCConfigurationList section */
		B0A8D53A20F3DBE2009B28EF /* Build configuration list for PBXProject "TestRxSwift" */ = {
			isa = XCConfigurationList;
			buildConfigurations = (
				B0A8D54F20F3DBE4009B28EF /* Debug */,
				B0A8D55020F3DBE4009B28EF /* Release */,
			);
			defaultConfigurationIsVisible = 0;
			defaultConfigurationName = Release;
		};
		B0A8D55120F3DBE4009B28EF /* Build configuration list for PBXNativeTarget "TestRxSwift" */ = {
			isa = XCConfigurationList;
			buildConfigurations = (
				B0A8D55220F3DBE4009B28EF /* Debug */,
				B0A8D55320F3DBE4009B28EF /* Release */,
			);
			defaultConfigurationIsVisible = 0;
			defaultConfigurationName = Release;
		};
/* End XCConfigurationList section */
	};
	rootObject = B0A8D53720F3DBE2009B28EF /* Project object */;
}
