// !$*UTF8*$!
{
	archiveVersion = 1;
	classes = {
	};
	objectVersion = 50;
	objects = {

/* Begin PBXBuildFile section */
		B06E80AF2121D56D006ACE13 /* Helpers.swift in Sources */ = {isa = PBXBuildFile; fileRef = B06E80AE2121D56D006ACE13 /* Helpers.swift */; };
		B08E6EC92121CC470090FF72 /* AppDelegate.swift in Sources */ = {isa = PBXBuildFile; fileRef = B08E6EC82121CC470090FF72 /* AppDelegate.swift */; };
		B08E6ECB2121CC470090FF72 /* ViewController.swift in Sources */ = {isa = PBXBuildFile; fileRef = B08E6ECA2121CC470090FF72 /* ViewController.swift */; };
		B08E6ECE2121CC470090FF72 /* Main.storyboard in Resources */ = {isa = PBXBuildFile; fileRef = B08E6ECC2121CC470090FF72 /* Main.storyboard */; };
		B08E6ED02121CC480090FF72 /* Assets.xcassets in Resources */ = {isa = PBXBuildFile; fileRef = B08E6ECF2121CC480090FF72 /* Assets.xcassets */; };
		B08E6ED32121CC480090FF72 /* LaunchScreen.storyboard in Resources */ = {isa = PBXBuildFile; fileRef = B08E6ED12121CC480090FF72 /* LaunchScreen.storyboard */; };
		F02D15B02C4D7BDC825D9DB0 /* Pods_Transforming_Observable_Sequences.framework in Frameworks */ = {isa = PBXBuildFile; fileRef = C88DCF4D4D567C78386FE0DE /* Pods_Transforming_Observable_Sequences.framework */; };
/* End PBXBuildFile section */

/* Begin PBXFileReference section */
		797AB474AF65A0F40FC2EAE4 /* Pods-Transforming_Observable_Sequences.debug.xcconfig */ = {isa = PBXFileReference; includeInIndex = 1; lastKnownFileType = text.xcconfig; name = "Pods-Transforming_Observable_Sequences.debug.xcconfig"; path = "Pods/Target Support Files/Pods-Transforming_Observable_Sequences/Pods-Transforming_Observable_Sequences.debug.xcconfig"; sourceTree = "<group>"; };
		889C624DF920111A7B161281 /* Pods-Transforming_Observable_Sequences.release.xcconfig */ = {isa = PBXFileReference; includeInIndex = 1; lastKnownFileType = text.xcconfig; name = "Pods-Transforming_Observable_Sequences.release.xcconfig"; path = "Pods/Target Support Files/Pods-Transforming_Observable_Sequences/Pods-Transforming_Observable_Sequences.release.xcconfig"; sourceTree = "<group>"; };
		B06E80AE2121D56D006ACE13 /* Helpers.swift */ = {isa = PBXFileReference; lastKnownFileType = sourcecode.swift; path = Helpers.swift; sourceTree = "<group>"; };
		B08E6EC52121CC470090FF72 /* Transforming_Observable_Sequences.app */ = {isa = PBXFileReference; explicitFileType = wrapper.application; includeInIndex = 0; path = Transforming_Observable_Sequences.app; sourceTree = BUILT_PRODUCTS_DIR; };
		B08E6EC82121CC470090FF72 /* AppDelegate.swift */ = {isa = PBXFileReference; lastKnownFileType = sourcecode.swift; path = AppDelegate.swift; sourceTree = "<group>"; };
		B08E6ECA2121CC470090FF72 /* ViewController.swift */ = {isa = PBXFileReference; lastKnownFileType = sourcecode.swift; path = ViewController.swift; sourceTree = "<group>"; };
		B08E6ECD2121CC470090FF72 /* Base */ = {isa = PBXFileReference; lastKnownFileType = file.storyboard; name = Base; path = Base.lproj/Main.storyboard; sourceTree = "<group>"; };
		B08E6ECF2121CC480090FF72 /* Assets.xcassets */ = {isa = PBXFileReference; lastKnownFileType = folder.assetcatalog; path = Assets.xcassets; sourceTree = "<group>"; };
		B08E6ED22121CC480090FF72 /* Base */ = {isa = PBXFileReference; lastKnownFileType = file.storyboard; name = Base; path = Base.lproj/LaunchScreen.storyboard; sourceTree = "<group>"; };
		B08E6ED42121CC480090FF72 /* Info.plist */ = {isa = PBXFileReference; lastKnownFileType = text.plist.xml; path = Info.plist; sourceTree = "<group>"; };
		C88DCF4D4D567C78386FE0DE /* Pods_Transforming_Observable_Sequences.framework */ = {isa = PBXFileReference; explicitFileType = wrapper.framework; includeInIndex = 0; path = Pods_Transforming_Observable_Sequences.framework; sourceTree = BUILT_PRODUCTS_DIR; };
/* End PBXFileReference section */

/* Begin PBXFrameworksBuildPhase section */
		B08E6EC22121CC460090FF72 /* Frameworks */ = {
			isa = PBXFrameworksBuildPhase;
			buildActionMask = 2147483647;
			files = (
				F02D15B02C4D7BDC825D9DB0 /* Pods_Transforming_Observable_Sequences.framework in Frameworks */,
			);
			runOnlyForDeploymentPostprocessing = 0;
		};
/* End PBXFrameworksBuildPhase section */

/* Begin PBXGroup section */
		AE8444B9D528EBFA0987D0C5 /* Frameworks */ = {
			isa = PBXGroup;
			children = (
				C88DCF4D4D567C78386FE0DE /* Pods_Transforming_Observable_Sequences.framework */,
			);
			name = Frameworks;
			sourceTree = "<group>";
		};
		B08E6EBC2121CC460090FF72 = {
			isa = PBXGroup;
			children = (
				B08E6EC72121CC470090FF72 /* Transforming_Observable_Sequences */,
				B08E6EC62121CC470090FF72 /* Products */,
				F1788C86F2049AF27F1E3EE3 /* Pods */,
				AE8444B9D528EBFA0987D0C5 /* Frameworks */,
			);
			sourceTree = "<group>";
		};
		B08E6EC62121CC470090FF72 /* Products */ = {
			isa = PBXGroup;
			children = (
				B08E6EC52121CC470090FF72 /* Transforming_Observable_Sequences.app */,
			);
			name = Products;
			sourceTree = "<group>";
		};
		B08E6EC72121CC470090FF72 /* Transforming_Observable_Sequences */ = {
			isa = PBXGroup;
			children = (
				B08E6EC82121CC470090FF72 /* AppDelegate.swift */,
				B08E6ECA2121CC470090FF72 /* ViewController.swift */,
				B06E80AE2121D56D006ACE13 /* Helpers.swift */,
				B08E6ECC2121CC470090FF72 /* Main.storyboard */,
				B08E6ECF2121CC480090FF72 /* Assets.xcassets */,
				B08E6ED12121CC480090FF72 /* LaunchScreen.storyboard */,
				B08E6ED42121CC480090FF72 /* Info.plist */,
			);
			path = Transforming_Observable_Sequences;
			sourceTree = "<group>";
		};
		F1788C86F2049AF27F1E3EE3 /* Pods */ = {
			isa = PBXGroup;
			children = (
				797AB474AF65A0F40FC2EAE4 /* Pods-Transforming_Observable_Sequences.debug.xcconfig */,
				889C624DF920111A7B161281 /* Pods-Transforming_Observable_Sequences.release.xcconfig */,
			);
			name = Pods;
			sourceTree = "<group>";
		};
/* End PBXGroup section */

/* Begin PBXNativeTarget section */
		B08E6EC42121CC460090FF72 /* Transforming_Observable_Sequences */ = {
			isa = PBXNativeTarget;
			buildConfigurationList = B08E6ED72121CC480090FF72 /* Build configuration list for PBXNativeTarget "Transforming_Observable_Sequences" */;
			buildPhases = (
				BF9F737C9F65AEC9C9854C88 /* [CP] Check Pods Manifest.lock */,
				B08E6EC12121CC460090FF72 /* Sources */,
				B08E6EC22121CC460090FF72 /* Frameworks */,
				B08E6EC32121CC460090FF72 /* Resources */,
				8F4A890251CDB62BEB05F095 /* [CP] Embed Pods Frameworks */,
			);
			buildRules = (
			);
			dependencies = (
			);
			name = Transforming_Observable_Sequences;
			productName = Transforming_Observable_Sequences;
			productReference = B08E6EC52121CC470090FF72 /* Transforming_Observable_Sequences.app */;
			productType = "com.apple.product-type.application";
		};
/* End PBXNativeTarget section */

/* Begin PBXProject section */
		B08E6EBD2121CC460090FF72 /* Project object */ = {
			isa = PBXProject;
			attributes = {
				LastSwiftUpdateCheck = 0940;
				LastUpgradeCheck = 0940;
				ORGANIZATIONNAME = "Tim Beals";
				TargetAttributes = {
					B08E6EC42121CC460090FF72 = {
						CreatedOnToolsVersion = 9.4.1;
					};
				};
			};
			buildConfigurationList = B08E6EC02121CC460090FF72 /* Build configuration list for PBXProject "Transforming_Observable_Sequences" */;
			compatibilityVersion = "Xcode 9.3";
			developmentRegion = en;
			hasScannedForEncodings = 0;
			knownRegions = (
				en,
				Base,
			);
			mainGroup = B08E6EBC2121CC460090FF72;
			productRefGroup = B08E6EC62121CC470090FF72 /* Products */;
			projectDirPath = "";
			projectRoot = "";
			targets = (
				B08E6EC42121CC460090FF72 /* Transforming_Observable_Sequences */,
			);
		};
/* End PBXProject section */

/* Begin PBXResourcesBuildPhase section */
		B08E6EC32121CC460090FF72 /* Resources */ = {
			isa = PBXResourcesBuildPhase;
			buildActionMask = 2147483647;
			files = (
				B08E6ED32121CC480090FF72 /* LaunchScreen.storyboard in Resources */,
				B08E6ED02121CC480090FF72 /* Assets.xcassets in Resources */,
				B08E6ECE2121CC470090FF72 /* Main.storyboard in Resources */,
			);
			runOnlyForDeploymentPostprocessing = 0;
		};
/* End PBXResourcesBuildPhase section */

/* Begin PBXShellScriptBuildPhase section */
		8F4A890251CDB62BEB05F095 /* [CP] Embed Pods Frameworks */ = {
			isa = PBXShellScriptBuildPhase;
			buildActionMask = 2147483647;
			files = (
			);
			inputPaths = (
				"${SRCROOT}/Pods/Target Support Files/Pods-Transforming_Observable_Sequences/Pods-Transforming_Observable_Sequences-frameworks.sh",
				"${BUILT_PRODUCTS_DIR}/RxSwift/RxSwift.framework",
			);
			name = "[CP] Embed Pods Frameworks";
			outputPaths = (
				"${TARGET_BUILD_DIR}/${FRAMEWORKS_FOLDER_PATH}/RxSwift.framework",
			);
			runOnlyForDeploymentPostprocessing = 0;
			shellPath = /bin/sh;
			shellScript = "\"${SRCROOT}/Pods/Target Support Files/Pods-Transforming_Observable_Sequences/Pods-Transforming_Observable_Sequences-frameworks.sh\"\n";
			showEnvVarsInLog = 0;
		};
		BF9F737C9F65AEC9C9854C88 /* [CP] Check Pods Manifest.lock */ = {
			isa = PBXShellScriptBuildPhase;
			buildActionMask = 2147483647;
			files = (
			);
			inputPaths = (
				"${PODS_PODFILE_DIR_PATH}/Podfile.lock",
				"${PODS_ROOT}/Manifest.lock",
			);
			name = "[CP] Check Pods Manifest.lock";
			outputPaths = (
				"$(DERIVED_FILE_DIR)/Pods-Transforming_Observable_Sequences-checkManifestLockResult.txt",
			);
			runOnlyForDeploymentPostprocessing = 0;
			shellPath = /bin/sh;
			shellScript = "diff \"${PODS_PODFILE_DIR_PATH}/Podfile.lock\" \"${PODS_ROOT}/Manifest.lock\" > /dev/null\nif [ $? != 0 ] ; then\n    # print error to STDERR\n    echo \"error: The sandbox is not in sync with the Podfile.lock. Run 'pod install' or update your CocoaPods installation.\" >&2\n    exit 1\nfi\n# This output is used by Xcode 'outputs' to avoid re-running this script phase.\necho \"SUCCESS\" > \"${SCRIPT_OUTPUT_FILE_0}\"\n";
			showEnvVarsInLog = 0;
		};
/* End PBXShellScriptBuildPhase section */

/* Begin PBXSourcesBuildPhase section */
		B08E6EC12121CC460090FF72 /* Sources */ = {
			isa = PBXSourcesBuildPhase;
			buildActionMask = 2147483647;
			files = (
				B08E6ECB2121CC470090FF72 /* ViewController.swift in Sources */,
				B06E80AF2121D56D006ACE13 /* Helpers.swift in Sources */,
				B08E6EC92121CC470090FF72 /* AppDelegate.swift in Sources */,
			);
			runOnlyForDeploymentPostprocessing = 0;
		};
/* End PBXSourcesBuildPhase section */

/* Begin PBXVariantGroup section */
		B08E6ECC2121CC470090FF72 /* Main.storyboard */ = {
			isa = PBXVariantGroup;
			children = (
				B08E6ECD2121CC470090FF72 /* Base */,
			);
			name = Main.storyboard;
			sourceTree = "<group>";
		};
		B08E6ED12121CC480090FF72 /* LaunchScreen.storyboard */ = {
			isa = PBXVariantGroup;
			children = (
				B08E6ED22121CC480090FF72 /* Base */,
			);
			name = LaunchScreen.storyboard;
			sourceTree = "<group>";
		};
/* End PBXVariantGroup section */

/* Begin XCBuildConfiguration section */
		B08E6ED52121CC480090FF72 /* Debug */ = {
			isa = XCBuildConfiguration;
			buildSettings = {
				ALWAYS_SEARCH_USER_PATHS = NO;
				CLANG_ANALYZER_NONNULL = YES;
				CLANG_ANALYZER_NUMBER_OBJECT_CONVERSION = YES_AGGRESSIVE;
				CLANG_CXX_LANGUAGE_STANDARD = "gnu++14";
				CLANG_CXX_LIBRARY = "libc++";
				CLANG_ENABLE_MODULES = YES;
				CLANG_ENABLE_OBJC_ARC = YES;
				CLANG_ENABLE_OBJC_WEAK = YES;
				CLANG_WARN_BLOCK_CAPTURE_AUTORELEASING = YES;
				CLANG_WARN_BOOL_CONVERSION = YES;
				CLANG_WARN_COMMA = YES;
				CLANG_WARN_CONSTANT_CONVERSION = YES;
				CLANG_WARN_DEPRECATED_OBJC_IMPLEMENTATIONS = YES;
				CLANG_WARN_DIRECT_OBJC_ISA_USAGE = YES_ERROR;
				CLANG_WARN_DOCUMENTATION_COMMENTS = YES;
				CLANG_WARN_EMPTY_BODY = YES;
				CLANG_WARN_ENUM_CONVERSION = YES;
				CLANG_WARN_INFINITE_RECURSION = YES;
				CLANG_WARN_INT_CONVERSION = YES;
				CLANG_WARN_NON_LITERAL_NULL_CONVERSION = YES;
				CLANG_WARN_OBJC_IMPLICIT_RETAIN_SELF = YES;
				CLANG_WARN_OBJC_LITERAL_CONVERSION = YES;
				CLANG_WARN_OBJC_ROOT_CLASS = YES_ERROR;
				CLANG_WARN_RANGE_LOOP_ANALYSIS = YES;
				CLANG_WARN_STRICT_PROTOTYPES = YES;
				CLANG_WARN_SUSPICIOUS_MOVE = YES;
				CLANG_WARN_UNGUARDED_AVAILABILITY = YES_AGGRESSIVE;
				CLANG_WARN_UNREACHABLE_CODE = YES;
				CLANG_WARN__DUPLICATE_METHOD_MATCH = YES;
				CODE_SIGN_IDENTITY = "iPhone Developer";
				COPY_PHASE_STRIP = NO;
				DEBUG_INFORMATION_FORMAT = dwarf;
				ENABLE_STRICT_OBJC_MSGSEND = YES;
				ENABLE_TESTABILITY = YES;
				GCC_C_LANGUAGE_STANDARD = gnu11;
				GCC_DYNAMIC_NO_PIC = NO;
				GCC_NO_COMMON_BLOCKS = YES;
				GCC_OPTIMIZATION_LEVEL = 0;
				GCC_PREPROCESSOR_DEFINITIONS = (
					"DEBUG=1",
					"$(inherited)",
				);
				GCC_WARN_64_TO_32_BIT_CONVERSION = YES;
				GCC_WARN_ABOUT_RETURN_TYPE = YES_ERROR;
				GCC_WARN_UNDECLARED_SELECTOR = YES;
				GCC_WARN_UNINITIALIZED_AUTOS = YES_AGGRESSIVE;
				GCC_WARN_UNUSED_FUNCTION = YES;
				GCC_WARN_UNUSED_VARIABLE = YES;
				IPHONEOS_DEPLOYMENT_TARGET = 11.4;
				MTL_ENABLE_DEBUG_INFO = YES;
				ONLY_ACTIVE_ARCH = YES;
				SDKROOT = iphoneos;
				SWIFT_ACTIVE_COMPILATION_CONDITIONS = DEBUG;
				SWIFT_OPTIMIZATION_LEVEL = "-Onone";
			};
			name = Debug;
		};
		B08E6ED62121CC480090FF72 /* Release */ = {
			isa = XCBuildConfiguration;
			buildSettings = {
				ALWAYS_SEARCH_USER_PATHS = NO;
				CLANG_ANALYZER_NONNULL = YES;
				CLANG_ANALYZER_NUMBER_OBJECT_CONVERSION = YES_AGGRESSIVE;
				CLANG_CXX_LANGUAGE_STANDARD = "gnu++14";
				CLANG_CXX_LIBRARY = "libc++";
				CLANG_ENABLE_MODULES = YES;
				CLANG_ENABLE_OBJC_ARC = YES;
				CLANG_ENABLE_OBJC_WEAK = YES;
				CLANG_WARN_BLOCK_CAPTURE_AUTORELEASING = YES;
				CLANG_WARN_BOOL_CONVERSION = YES;
				CLANG_WARN_COMMA = YES;
				CLANG_WARN_CONSTANT_CONVERSION = YES;
				CLANG_WARN_DEPRECATED_OBJC_IMPLEMENTATIONS = YES;
				CLANG_WARN_DIRECT_OBJC_ISA_USAGE = YES_ERROR;
				CLANG_WARN_DOCUMENTATION_COMMENTS = YES;
				CLANG_WARN_EMPTY_BODY = YES;
				CLANG_WARN_ENUM_CONVERSION = YES;
				CLANG_WARN_INFINITE_RECURSION = YES;
				CLANG_WARN_INT_CONVERSION = YES;
				CLANG_WARN_NON_LITERAL_NULL_CONVERSION = YES;
				CLANG_WARN_OBJC_IMPLICIT_RETAIN_SELF = YES;
				CLANG_WARN_OBJC_LITERAL_CONVERSION = YES;
				CLANG_WARN_OBJC_ROOT_CLASS = YES_ERROR;
				CLANG_WARN_RANGE_LOOP_ANALYSIS = YES;
				CLANG_WARN_STRICT_PROTOTYPES = YES;
				CLANG_WARN_SUSPICIOUS_MOVE = YES;
				CLANG_WARN_UNGUARDED_AVAILABILITY = YES_AGGRESSIVE;
				CLANG_WARN_UNREACHABLE_CODE = YES;
				CLANG_WARN__DUPLICATE_METHOD_MATCH = YES;
				CODE_SIGN_IDENTITY = "iPhone Developer";
				COPY_PHASE_STRIP = NO;
				DEBUG_INFORMATION_FORMAT = "dwarf-with-dsym";
				ENABLE_NS_ASSERTIONS = NO;
				ENABLE_STRICT_OBJC_MSGSEND = YES;
				GCC_C_LANGUAGE_STANDARD = gnu11;
				GCC_NO_COMMON_BLOCKS = YES;
				GCC_WARN_64_TO_32_BIT_CONVERSION = YES;
				GCC_WARN_ABOUT_RETURN_TYPE = YES_ERROR;
				GCC_WARN_UNDECLARED_SELECTOR = YES;
				GCC_WARN_UNINITIALIZED_AUTOS = YES_AGGRESSIVE;
				GCC_WARN_UNUSED_FUNCTION = YES;
				GCC_WARN_UNUSED_VARIABLE = YES;
				IPHONEOS_DEPLOYMENT_TARGET = 11.4;
				MTL_ENABLE_DEBUG_INFO = NO;
				SDKROOT = iphoneos;
				SWIFT_COMPILATION_MODE = wholemodule;
				SWIFT_OPTIMIZATION_LEVEL = "-O";
				VALIDATE_PRODUCT = YES;
			};
			name = Release;
		};
		B08E6ED82121CC480090FF72 /* Debug */ = {
			isa = XCBuildConfiguration;
			baseConfigurationReference = 797AB474AF65A0F40FC2EAE4 /* Pods-Transforming_Observable_Sequences.debug.xcconfig */;
			buildSettings = {
				ASSETCATALOG_COMPILER_APPICON_NAME = AppIcon;
				CODE_SIGN_STYLE = Automatic;
				DEVELOPMENT_TEAM = 2733C6P24Y;
				INFOPLIST_FILE = Transforming_Observable_Sequences/Info.plist;
				LD_RUNPATH_SEARCH_PATHS = (
					"$(inherited)",
					"@executable_path/Frameworks",
				);
				PRODUCT_BUNDLE_IDENTIFIER = "timbeals.Transforming-Observable-Sequences";
				PRODUCT_NAME = "$(TARGET_NAME)";
				SWIFT_VERSION = 4.0;
				TARGETED_DEVICE_FAMILY = "1,2";
			};
			name = Debug;
		};
		B08E6ED92121CC480090FF72 /* Release */ = {
			isa = XCBuildConfiguration;
			baseConfigurationReference = 889C624DF920111A7B161281 /* Pods-Transforming_Observable_Sequences.release.xcconfig */;
			buildSettings = {
				ASSETCATALOG_COMPILER_APPICON_NAME = AppIcon;
				CODE_SIGN_STYLE = Automatic;
				DEVELOPMENT_TEAM = 2733C6P24Y;
				INFOPLIST_FILE = Transforming_Observable_Sequences/Info.plist;
				LD_RUNPATH_SEARCH_PATHS = (
					"$(inherited)",
					"@executable_path/Frameworks",
				);
				PRODUCT_BUNDLE_IDENTIFIER = "timbeals.Transforming-Observable-Sequences";
				PRODUCT_NAME = "$(TARGET_NAME)";
				SWIFT_VERSION = 4.0;
				TARGETED_DEVICE_FAMILY = "1,2";
			};
			name = Release;
		};
/* End XCBuildConfiguration section */

/* Begin XCConfigurationList section */
		B08E6EC02121CC460090FF72 /* Build configuration list for PBXProject "Transforming_Observable_Sequences" */ = {
			isa = XCConfigurationList;
			buildConfigurations = (
				B08E6ED52121CC480090FF72 /* Debug */,
				B08E6ED62121CC480090FF72 /* Release */,
			);
			defaultConfigurationIsVisible = 0;
			defaultConfigurationName = Release;
		};
		B08E6ED72121CC480090FF72 /* Build configuration list for PBXNativeTarget "Transforming_Observable_Sequences" */ = {
			isa = XCConfigurationList;
			buildConfigurations = (
				B08E6ED82121CC480090FF72 /* Debug */,
				B08E6ED92121CC480090FF72 /* Release */,
			);
			defaultConfigurationIsVisible = 0;
			defaultConfigurationName = Release;
		};
/* End XCConfigurationList section */
	};
	rootObject = B08E6EBD2121CC460090FF72 /* Project object */;
}
