// !$*UTF8*$!
{
	archiveVersion = 1;
	classes = {
	};
	objectVersion = 50;
	objects = {

/* Begin PBXBuildFile section */
		A729F144994AC7D2A90EE453 /* Pods_ConcurrencyThreading.framework in Frameworks */ = {isa = PBXBuildFile; fileRef = AA18C2BCBA9F2A6DB0C9B652 /* Pods_ConcurrencyThreading.framework */; };
		B090294A216690CC004283DF /* AppDelegate.swift in Sources */ = {isa = PBXBuildFile; fileRef = B0902949216690CC004283DF /* AppDelegate.swift */; };
		B090294C216690CC004283DF /* ViewController.swift in Sources */ = {isa = PBXBuildFile; fileRef = B090294B216690CC004283DF /* ViewController.swift */; };
		B090294F216690CC004283DF /* Main.storyboard in Resources */ = {isa = PBXBuildFile; fileRef = B090294D216690CC004283DF /* Main.storyboard */; };
		B0902951216690CF004283DF /* Assets.xcassets in Resources */ = {isa = PBXBuildFile; fileRef = B0902950216690CF004283DF /* Assets.xcassets */; };
		B0902954216690CF004283DF /* LaunchScreen.storyboard in Resources */ = {isa = PBXBuildFile; fileRef = B0902952216690CF004283DF /* LaunchScreen.storyboard */; };
/* End PBXBuildFile section */

/* Begin PBXFileReference section */
		8B3011B63F291CB4B74AEE7B /* Pods-ConcurrencyThreading.debug.xcconfig */ = {isa = PBXFileReference; includeInIndex = 1; lastKnownFileType = text.xcconfig; name = "Pods-ConcurrencyThreading.debug.xcconfig"; path = "Target Support Files/Pods-ConcurrencyThreading/Pods-ConcurrencyThreading.debug.xcconfig"; sourceTree = "<group>"; };
		AA18C2BCBA9F2A6DB0C9B652 /* Pods_ConcurrencyThreading.framework */ = {isa = PBXFileReference; explicitFileType = wrapper.framework; includeInIndex = 0; path = Pods_ConcurrencyThreading.framework; sourceTree = BUILT_PRODUCTS_DIR; };
		B0902946216690CC004283DF /* ConcurrencyThreading.app */ = {isa = PBXFileReference; explicitFileType = wrapper.application; includeInIndex = 0; path = ConcurrencyThreading.app; sourceTree = BUILT_PRODUCTS_DIR; };
		B0902949216690CC004283DF /* AppDelegate.swift */ = {isa = PBXFileReference; lastKnownFileType = sourcecode.swift; path = AppDelegate.swift; sourceTree = "<group>"; };
		B090294B216690CC004283DF /* ViewController.swift */ = {isa = PBXFileReference; lastKnownFileType = sourcecode.swift; path = ViewController.swift; sourceTree = "<group>"; };
		B090294E216690CC004283DF /* Base */ = {isa = PBXFileReference; lastKnownFileType = file.storyboard; name = Base; path = Base.lproj/Main.storyboard; sourceTree = "<group>"; };
		B0902950216690CF004283DF /* Assets.xcassets */ = {isa = PBXFileReference; lastKnownFileType = folder.assetcatalog; path = Assets.xcassets; sourceTree = "<group>"; };
		B0902953216690CF004283DF /* Base */ = {isa = PBXFileReference; lastKnownFileType = file.storyboard; name = Base; path = Base.lproj/LaunchScreen.storyboard; sourceTree = "<group>"; };
		B0902955216690CF004283DF /* Info.plist */ = {isa = PBXFileReference; lastKnownFileType = text.plist.xml; path = Info.plist; sourceTree = "<group>"; };
		BF08827BC5E4628618953616 /* Pods-ConcurrencyThreading.release.xcconfig */ = {isa = PBXFileReference; includeInIndex = 1; lastKnownFileType = text.xcconfig; name = "Pods-ConcurrencyThreading.release.xcconfig"; path = "Target Support Files/Pods-ConcurrencyThreading/Pods-ConcurrencyThreading.release.xcconfig"; sourceTree = "<group>"; };
/* End PBXFileReference section */

/* Begin PBXFrameworksBuildPhase section */
		B0902943216690CC004283DF /* Frameworks */ = {
			isa = PBXFrameworksBuildPhase;
			buildActionMask = 2147483647;
			files = (
				A729F144994AC7D2A90EE453 /* Pods_ConcurrencyThreading.framework in Frameworks */,
			);
			runOnlyForDeploymentPostprocessing = 0;
		};
/* End PBXFrameworksBuildPhase section */

/* Begin PBXGroup section */
		3F1A0D827E0D1A2709A27854 /* Frameworks */ = {
			isa = PBXGroup;
			children = (
				AA18C2BCBA9F2A6DB0C9B652 /* Pods_ConcurrencyThreading.framework */,
			);
			name = Frameworks;
			sourceTree = "<group>";
		};
		6AC36C321CEEDE9FFE470229 /* Pods */ = {
			isa = PBXGroup;
			children = (
				8B3011B63F291CB4B74AEE7B /* Pods-ConcurrencyThreading.debug.xcconfig */,
				BF08827BC5E4628618953616 /* Pods-ConcurrencyThreading.release.xcconfig */,
			);
			name = Pods;
			path = Pods;
			sourceTree = "<group>";
		};
		B090293D216690CC004283DF = {
			isa = PBXGroup;
			children = (
				B0902948216690CC004283DF /* ConcurrencyThreading */,
				B0902947216690CC004283DF /* Products */,
				6AC36C321CEEDE9FFE470229 /* Pods */,
				3F1A0D827E0D1A2709A27854 /* Frameworks */,
			);
			sourceTree = "<group>";
		};
		B0902947216690CC004283DF /* Products */ = {
			isa = PBXGroup;
			children = (
				B0902946216690CC004283DF /* ConcurrencyThreading.app */,
			);
			name = Products;
			sourceTree = "<group>";
		};
		B0902948216690CC004283DF /* ConcurrencyThreading */ = {
			isa = PBXGroup;
			children = (
				B0902949216690CC004283DF /* AppDelegate.swift */,
				B090294B216690CC004283DF /* ViewController.swift */,
				B090294D216690CC004283DF /* Main.storyboard */,
				B0902950216690CF004283DF /* Assets.xcassets */,
				B0902952216690CF004283DF /* LaunchScreen.storyboard */,
				B0902955216690CF004283DF /* Info.plist */,
			);
			path = ConcurrencyThreading;
			sourceTree = "<group>";
		};
/* End PBXGroup section */

/* Begin PBXNativeTarget section */
		B0902945216690CC004283DF /* ConcurrencyThreading */ = {
			isa = PBXNativeTarget;
			buildConfigurationList = B0902958216690CF004283DF /* Build configuration list for PBXNativeTarget "ConcurrencyThreading" */;
			buildPhases = (
				87EB7C7083AE7D2327B361CB /* [CP] Check Pods Manifest.lock */,
				B0902942216690CC004283DF /* Sources */,
				B0902943216690CC004283DF /* Frameworks */,
				B0902944216690CC004283DF /* Resources */,
				BD83E000EC92034D22830443 /* [CP] Embed Pods Frameworks */,
			);
			buildRules = (
			);
			dependencies = (
			);
			name = ConcurrencyThreading;
			productName = ConcurrencyThreading;
			productReference = B0902946216690CC004283DF /* ConcurrencyThreading.app */;
			productType = "com.apple.product-type.application";
		};
/* End PBXNativeTarget section */

/* Begin PBXProject section */
		B090293E216690CC004283DF /* Project object */ = {
			isa = PBXProject;
			attributes = {
				LastSwiftUpdateCheck = 1000;
				LastUpgradeCheck = 1000;
				ORGANIZATIONNAME = "Roobi Creative";
				TargetAttributes = {
					B0902945216690CC004283DF = {
						CreatedOnToolsVersion = 10.0;
					};
				};
			};
			buildConfigurationList = B0902941216690CC004283DF /* Build configuration list for PBXProject "ConcurrencyThreading" */;
			compatibilityVersion = "Xcode 9.3";
			developmentRegion = en;
			hasScannedForEncodings = 0;
			knownRegions = (
				en,
				Base,
			);
			mainGroup = B090293D216690CC004283DF;
			productRefGroup = B0902947216690CC004283DF /* Products */;
			projectDirPath = "";
			projectRoot = "";
			targets = (
				B0902945216690CC004283DF /* ConcurrencyThreading */,
			);
		};
/* End PBXProject section */

/* Begin PBXResourcesBuildPhase section */
		B0902944216690CC004283DF /* Resources */ = {
			isa = PBXResourcesBuildPhase;
			buildActionMask = 2147483647;
			files = (
				B0902954216690CF004283DF /* LaunchScreen.storyboard in Resources */,
				B0902951216690CF004283DF /* Assets.xcassets in Resources */,
				B090294F216690CC004283DF /* Main.storyboard in Resources */,
			);
			runOnlyForDeploymentPostprocessing = 0;
		};
/* End PBXResourcesBuildPhase section */

/* Begin PBXShellScriptBuildPhase section */
		87EB7C7083AE7D2327B361CB /* [CP] Check Pods Manifest.lock */ = {
			isa = PBXShellScriptBuildPhase;
			buildActionMask = 2147483647;
			files = (
			);
			inputFileListPaths = (
			);
			inputPaths = (
				"${PODS_PODFILE_DIR_PATH}/Podfile.lock",
				"${PODS_ROOT}/Manifest.lock",
			);
			name = "[CP] Check Pods Manifest.lock";
			outputFileListPaths = (
			);
			outputPaths = (
				"$(DERIVED_FILE_DIR)/Pods-ConcurrencyThreading-checkManifestLockResult.txt",
			);
			runOnlyForDeploymentPostprocessing = 0;
			shellPath = /bin/sh;
			shellScript = "diff \"${PODS_PODFILE_DIR_PATH}/Podfile.lock\" \"${PODS_ROOT}/Manifest.lock\" > /dev/null\nif [ $? != 0 ] ; then\n    # print error to STDERR\n    echo \"error: The sandbox is not in sync with the Podfile.lock. Run 'pod install' or update your CocoaPods installation.\" >&2\n    exit 1\nfi\n# This output is used by Xcode 'outputs' to avoid re-running this script phase.\necho \"SUCCESS\" > \"${SCRIPT_OUTPUT_FILE_0}\"\n";
			showEnvVarsInLog = 0;
		};
		BD83E000EC92034D22830443 /* [CP] Embed Pods Frameworks */ = {
			isa = PBXShellScriptBuildPhase;
			buildActionMask = 2147483647;
			files = (
			);
			inputFileListPaths = (
			);
			inputPaths = (
				"${PODS_ROOT}/Target Support Files/Pods-ConcurrencyThreading/Pods-ConcurrencyThreading-frameworks.sh",
				"${BUILT_PRODUCTS_DIR}/RxSwift/RxSwift.framework",
			);
			name = "[CP] Embed Pods Frameworks";
			outputFileListPaths = (
			);
			outputPaths = (
				"${TARGET_BUILD_DIR}/${FRAMEWORKS_FOLDER_PATH}/RxSwift.framework",
			);
			runOnlyForDeploymentPostprocessing = 0;
			shellPath = /bin/sh;
			shellScript = "\"${PODS_ROOT}/Target Support Files/Pods-ConcurrencyThreading/Pods-ConcurrencyThreading-frameworks.sh\"\n";
			showEnvVarsInLog = 0;
		};
/* End PBXShellScriptBuildPhase section */

/* Begin PBXSourcesBuildPhase section */
		B0902942216690CC004283DF /* Sources */ = {
			isa = PBXSourcesBuildPhase;
			buildActionMask = 2147483647;
			files = (
				B090294C216690CC004283DF /* ViewController.swift in Sources */,
				B090294A216690CC004283DF /* AppDelegate.swift in Sources */,
			);
			runOnlyForDeploymentPostprocessing = 0;
		};
/* End PBXSourcesBuildPhase section */

/* Begin PBXVariantGroup section */
		B090294D216690CC004283DF /* Main.storyboard */ = {
			isa = PBXVariantGroup;
			children = (
				B090294E216690CC004283DF /* Base */,
			);
			name = Main.storyboard;
			sourceTree = "<group>";
		};
		B0902952216690CF004283DF /* LaunchScreen.storyboard */ = {
			isa = PBXVariantGroup;
			children = (
				B0902953216690CF004283DF /* Base */,
			);
			name = LaunchScreen.storyboard;
			sourceTree = "<group>";
		};
/* End PBXVariantGroup section */

/* Begin XCBuildConfiguration section */
		B0902956216690CF004283DF /* Debug */ = {
			isa = XCBuildConfiguration;
			buildSettings = {
				ALWAYS_SEARCH_USER_PATHS = NO;
				CLANG_ANALYZER_NONNULL = YES;
				CLANG_ANALYZER_NUMBER_OBJECT_CONVERSION = YES_AGGRESSIVE;
				CLANG_CXX_LANGUAGE_STANDARD = "gnu++14";
				CLANG_CXX_LIBRARY = "libc++";
				CLANG_ENABLE_MODULES = YES;
				CLANG_ENABLE_OBJC_ARC = YES;
				CLANG_ENABLE_OBJC_WEAK = YES;
				CLANG_WARN_BLOCK_CAPTURE_AUTORELEASING = YES;
				CLANG_WARN_BOOL_CONVERSION = YES;
				CLANG_WARN_COMMA = YES;
				CLANG_WARN_CONSTANT_CONVERSION = YES;
				CLANG_WARN_DEPRECATED_OBJC_IMPLEMENTATIONS = YES;
				CLANG_WARN_DIRECT_OBJC_ISA_USAGE = YES_ERROR;
				CLANG_WARN_DOCUMENTATION_COMMENTS = YES;
				CLANG_WARN_EMPTY_BODY = YES;
				CLANG_WARN_ENUM_CONVERSION = YES;
				CLANG_WARN_INFINITE_RECURSION = YES;
				CLANG_WARN_INT_CONVERSION = YES;
				CLANG_WARN_NON_LITERAL_NULL_CONVERSION = YES;
				CLANG_WARN_OBJC_IMPLICIT_RETAIN_SELF = YES;
				CLANG_WARN_OBJC_LITERAL_CONVERSION = YES;
				CLANG_WARN_OBJC_ROOT_CLASS = YES_ERROR;
				CLANG_WARN_RANGE_LOOP_ANALYSIS = YES;
				CLANG_WARN_STRICT_PROTOTYPES = YES;
				CLANG_WARN_SUSPICIOUS_MOVE = YES;
				CLANG_WARN_UNGUARDED_AVAILABILITY = YES_AGGRESSIVE;
				CLANG_WARN_UNREACHABLE_CODE = YES;
				CLANG_WARN__DUPLICATE_METHOD_MATCH = YES;
				CODE_SIGN_IDENTITY = "iPhone Developer";
				COPY_PHASE_STRIP = NO;
				DEBUG_INFORMATION_FORMAT = dwarf;
				ENABLE_STRICT_OBJC_MSGSEND = YES;
				ENABLE_TESTABILITY = YES;
				GCC_C_LANGUAGE_STANDARD = gnu11;
				GCC_DYNAMIC_NO_PIC = NO;
				GCC_NO_COMMON_BLOCKS = YES;
				GCC_OPTIMIZATION_LEVEL = 0;
				GCC_PREPROCESSOR_DEFINITIONS = (
					"DEBUG=1",
					"$(inherited)",
				);
				GCC_WARN_64_TO_32_BIT_CONVERSION = YES;
				GCC_WARN_ABOUT_RETURN_TYPE = YES_ERROR;
				GCC_WARN_UNDECLARED_SELECTOR = YES;
				GCC_WARN_UNINITIALIZED_AUTOS = YES_AGGRESSIVE;
				GCC_WARN_UNUSED_FUNCTION = YES;
				GCC_WARN_UNUSED_VARIABLE = YES;
				IPHONEOS_DEPLOYMENT_TARGET = 12.0;
				MTL_ENABLE_DEBUG_INFO = INCLUDE_SOURCE;
				MTL_FAST_MATH = YES;
				ONLY_ACTIVE_ARCH = YES;
				SDKROOT = iphoneos;
				SWIFT_ACTIVE_COMPILATION_CONDITIONS = DEBUG;
				SWIFT_OPTIMIZATION_LEVEL = "-Onone";
			};
			name = Debug;
		};
		B0902957216690CF004283DF /* Release */ = {
			isa = XCBuildConfiguration;
			buildSettings = {
				ALWAYS_SEARCH_USER_PATHS = NO;
				CLANG_ANALYZER_NONNULL = YES;
				CLANG_ANALYZER_NUMBER_OBJECT_CONVERSION = YES_AGGRESSIVE;
				CLANG_CXX_LANGUAGE_STANDARD = "gnu++14";
				CLANG_CXX_LIBRARY = "libc++";
				CLANG_ENABLE_MODULES = YES;
				CLANG_ENABLE_OBJC_ARC = YES;
				CLANG_ENABLE_OBJC_WEAK = YES;
				CLANG_WARN_BLOCK_CAPTURE_AUTORELEASING = YES;
				CLANG_WARN_BOOL_CONVERSION = YES;
				CLANG_WARN_COMMA = YES;
				CLANG_WARN_CONSTANT_CONVERSION = YES;
				CLANG_WARN_DEPRECATED_OBJC_IMPLEMENTATIONS = YES;
				CLANG_WARN_DIRECT_OBJC_ISA_USAGE = YES_ERROR;
				CLANG_WARN_DOCUMENTATION_COMMENTS = YES;
				CLANG_WARN_EMPTY_BODY = YES;
				CLANG_WARN_ENUM_CONVERSION = YES;
				CLANG_WARN_INFINITE_RECURSION = YES;
				CLANG_WARN_INT_CONVERSION = YES;
				CLANG_WARN_NON_LITERAL_NULL_CONVERSION = YES;
				CLANG_WARN_OBJC_IMPLICIT_RETAIN_SELF = YES;
				CLANG_WARN_OBJC_LITERAL_CONVERSION = YES;
				CLANG_WARN_OBJC_ROOT_CLASS = YES_ERROR;
				CLANG_WARN_RANGE_LOOP_ANALYSIS = YES;
				CLANG_WARN_STRICT_PROTOTYPES = YES;
				CLANG_WARN_SUSPICIOUS_MOVE = YES;
				CLANG_WARN_UNGUARDED_AVAILABILITY = YES_AGGRESSIVE;
				CLANG_WARN_UNREACHABLE_CODE = YES;
				CLANG_WARN__DUPLICATE_METHOD_MATCH = YES;
				CODE_SIGN_IDENTITY = "iPhone Developer";
				COPY_PHASE_STRIP = NO;
				DEBUG_INFORMATION_FORMAT = "dwarf-with-dsym";
				ENABLE_NS_ASSERTIONS = NO;
				ENABLE_STRICT_OBJC_MSGSEND = YES;
				GCC_C_LANGUAGE_STANDARD = gnu11;
				GCC_NO_COMMON_BLOCKS = YES;
				GCC_WARN_64_TO_32_BIT_CONVERSION = YES;
				GCC_WARN_ABOUT_RETURN_TYPE = YES_ERROR;
				GCC_WARN_UNDECLARED_SELECTOR = YES;
				GCC_WARN_UNINITIALIZED_AUTOS = YES_AGGRESSIVE;
				GCC_WARN_UNUSED_FUNCTION = YES;
				GCC_WARN_UNUSED_VARIABLE = YES;
				IPHONEOS_DEPLOYMENT_TARGET = 12.0;
				MTL_ENABLE_DEBUG_INFO = NO;
				MTL_FAST_MATH = YES;
				SDKROOT = iphoneos;
				SWIFT_COMPILATION_MODE = wholemodule;
				SWIFT_OPTIMIZATION_LEVEL = "-O";
				VALIDATE_PRODUCT = YES;
			};
			name = Release;
		};
		B0902959216690CF004283DF /* Debug */ = {
			isa = XCBuildConfiguration;
			baseConfigurationReference = 8B3011B63F291CB4B74AEE7B /* Pods-ConcurrencyThreading.debug.xcconfig */;
			buildSettings = {
				ASSETCATALOG_COMPILER_APPICON_NAME = AppIcon;
				CODE_SIGN_STYLE = Automatic;
				DEVELOPMENT_TEAM = 2733C6P24Y;
				INFOPLIST_FILE = ConcurrencyThreading/Info.plist;
				LD_RUNPATH_SEARCH_PATHS = (
					"$(inherited)",
					"@executable_path/Frameworks",
				);
				PRODUCT_BUNDLE_IDENTIFIER = com.roobicreative.ConcurrencyThreading;
				PRODUCT_NAME = "$(TARGET_NAME)";
				SWIFT_VERSION = 4.2;
				TARGETED_DEVICE_FAMILY = "1,2";
			};
			name = Debug;
		};
		B090295A216690CF004283DF /* Release */ = {
			isa = XCBuildConfiguration;
			baseConfigurationReference = BF08827BC5E4628618953616 /* Pods-ConcurrencyThreading.release.xcconfig */;
			buildSettings = {
				ASSETCATALOG_COMPILER_APPICON_NAME = AppIcon;
				CODE_SIGN_STYLE = Automatic;
				DEVELOPMENT_TEAM = 2733C6P24Y;
				INFOPLIST_FILE = ConcurrencyThreading/Info.plist;
				LD_RUNPATH_SEARCH_PATHS = (
					"$(inherited)",
					"@executable_path/Frameworks",
				);
				PRODUCT_BUNDLE_IDENTIFIER = com.roobicreative.ConcurrencyThreading;
				PRODUCT_NAME = "$(TARGET_NAME)";
				SWIFT_VERSION = 4.2;
				TARGETED_DEVICE_FAMILY = "1,2";
			};
			name = Release;
		};
/* End XCBuildConfiguration section */

/* Begin XCConfigurationList section */
		B0902941216690CC004283DF /* Build configuration list for PBXProject "ConcurrencyThreading" */ = {
			isa = XCConfigurationList;
			buildConfigurations = (
				B0902956216690CF004283DF /* Debug */,
				B0902957216690CF004283DF /* Release */,
			);
			defaultConfigurationIsVisible = 0;
			defaultConfigurationName = Release;
		};
		B0902958216690CF004283DF /* Build configuration list for PBXNativeTarget "ConcurrencyThreading" */ = {
			isa = XCConfigurationList;
			buildConfigurations = (
				B0902959216690CF004283DF /* Debug */,
				B090295A216690CF004283DF /* Release */,
			);
			defaultConfigurationIsVisible = 0;
			defaultConfigurationName = Release;
		};
/* End XCConfigurationList section */
	};
	rootObject = B090293E216690CC004283DF /* Project object */;
}
